packages:
  - name: dbt_utils
    package: dbt-labs/dbt_utils
    version: 1.3.2
  - name: dbt_constraints
    package: Snowflake-Labs/dbt_constraints
    version: 0.6.3
  - name: dbt_snow_mask
    package: entechlog/dbt_snow_mask
    version: 0.2.7
  - name: elementary
    package: elementary-data/elementary
    version: 0.20.0
sha1_hash: 5a66e87b10b7bb8a84a6f42429fef85664c4240a
